
Microsoft Visual Studio Solution File, Format Version 12.00
# Visual Studio Version 16
VisualStudioVersion = 16.0.810.13
MinimumVisualStudioVersion = 10.0.40219.1
Project("{FAE04EC0-301F-11D3-BF4B-00C04F79EFBC}") = "Lab6_Bai7", "Lab6_Bai7\Lab6_Bai7.csproj", "{6071FE64-4F1A-4579-97FC-412765F26C83}"
EndProject
Global
	GlobalSection(SolutionConfigurationPlatforms) = preSolution
		Debug|anycpu = Debug|anycpu
		Release|anycpu = Release|anycpu
	EndGlobalSection
	GlobalSection(ProjectConfigurationPlatforms) = postSolution
		{6071FE64-4F1A-4579-97FC-412765F26C83}.Debug|anycpu.ActiveCfg = Debug|anycpu
		{6071FE64-4F1A-4579-97FC-412765F26C83}.Debug|anycpu.Build.0 = Debug|anycpu
		{6071FE64-4F1A-4579-97FC-412765F26C83}.Release|anycpu.ActiveCfg = Release|anycpu
		{6071FE64-4F1A-4579-97FC-412765F26C83}.Release|anycpu.Build.0 = Release|anycpu
	EndGlobalSection
	GlobalSection(SolutionProperties) = preSolution
		HideSolutionNode = FALSE
	EndGlobalSection
	GlobalSection(ExtensibilityGlobals) = postSolution
		SolutionGuid = {741F7BB8-35BE-4002-956D-6B774CFFF205}
	EndGlobalSection
EndGlobal
