
Microsoft Visual Studio Solution File, Format Version 12.00
# Visual Studio Version 16
VisualStudioVersion = 16.0.810.13
MinimumVisualStudioVersion = 10.0.40219.1
Project("{FAE04EC0-301F-11D3-BF4B-00C04F79EFBC}") = "Lab4_Cau2", "Lab4_Cau2\Lab4_Cau2.csproj", "{AFCCCC1C-E9B8-47D3-845B-8754F87EC5A4}"
EndProject
Global
	GlobalSection(SolutionConfigurationPlatforms) = preSolution
		Debug|anycpu = Debug|anycpu
		Release|anycpu = Release|anycpu
	EndGlobalSection
	GlobalSection(ProjectConfigurationPlatforms) = postSolution
		{AFCCCC1C-E9B8-47D3-845B-8754F87EC5A4}.Debug|anycpu.ActiveCfg = Debug|anycpu
		{AFCCCC1C-E9B8-47D3-845B-8754F87EC5A4}.Debug|anycpu.Build.0 = Debug|anycpu
		{AFCCCC1C-E9B8-47D3-845B-8754F87EC5A4}.Release|anycpu.ActiveCfg = Release|anycpu
		{AFCCCC1C-E9B8-47D3-845B-8754F87EC5A4}.Release|anycpu.Build.0 = Release|anycpu
	EndGlobalSection
	GlobalSection(SolutionProperties) = preSolution
		HideSolutionNode = FALSE
	EndGlobalSection
	GlobalSection(ExtensibilityGlobals) = postSolution
		SolutionGuid = {E7C7FA08-CA7C-496C-8712-EFE767F49BF3}
	EndGlobalSection
EndGlobal
