
Microsoft Visual Studio Solution File, Format Version 12.00
# Visual Studio Version 16
VisualStudioVersion = 16.0.810.13
MinimumVisualStudioVersion = 10.0.40219.1
Project("{FAE04EC0-301F-11D3-BF4B-00C04F79EFBC}") = "Lab4_Cau5", "Lab4_Cau5\Lab4_Cau5.csproj", "{27855C63-FFD2-4183-A3D2-964D7C982646}"
EndProject
Global
	GlobalSection(SolutionConfigurationPlatforms) = preSolution
		Debug|anycpu = Debug|anycpu
		Release|anycpu = Release|anycpu
	EndGlobalSection
	GlobalSection(ProjectConfigurationPlatforms) = postSolution
		{27855C63-FFD2-4183-A3D2-964D7C982646}.Debug|anycpu.ActiveCfg = Debug|anycpu
		{27855C63-FFD2-4183-A3D2-964D7C982646}.Debug|anycpu.Build.0 = Debug|anycpu
		{27855C63-FFD2-4183-A3D2-964D7C982646}.Release|anycpu.ActiveCfg = Release|anycpu
		{27855C63-FFD2-4183-A3D2-964D7C982646}.Release|anycpu.Build.0 = Release|anycpu
	EndGlobalSection
	GlobalSection(SolutionProperties) = preSolution
		HideSolutionNode = FALSE
	EndGlobalSection
	GlobalSection(ExtensibilityGlobals) = postSolution
		SolutionGuid = {6C245A98-D4FF-4F51-9034-696125389A30}
	EndGlobalSection
EndGlobal
