
Microsoft Visual Studio Solution File, Format Version 12.00
# Visual Studio Version 16
VisualStudioVersion = 16.0.810.13
MinimumVisualStudioVersion = 10.0.40219.1
Project("{FAE04EC0-301F-11D3-BF4B-00C04F79EFBC}") = "Lab3_Cau3", "Lab3_Cau3\Lab3_Cau3.csproj", "{E08D4CEE-54B0-4EAF-9D8F-AAF45B4DBE6E}"
EndProject
Global
	GlobalSection(SolutionConfigurationPlatforms) = preSolution
		Debug|anycpu = Debug|anycpu
		Release|anycpu = Release|anycpu
	EndGlobalSection
	GlobalSection(ProjectConfigurationPlatforms) = postSolution
		{E08D4CEE-54B0-4EAF-9D8F-AAF45B4DBE6E}.Debug|anycpu.ActiveCfg = Debug|anycpu
		{E08D4CEE-54B0-4EAF-9D8F-AAF45B4DBE6E}.Debug|anycpu.Build.0 = Debug|anycpu
		{E08D4CEE-54B0-4EAF-9D8F-AAF45B4DBE6E}.Release|anycpu.ActiveCfg = Release|anycpu
		{E08D4CEE-54B0-4EAF-9D8F-AAF45B4DBE6E}.Release|anycpu.Build.0 = Release|anycpu
	EndGlobalSection
	GlobalSection(SolutionProperties) = preSolution
		HideSolutionNode = FALSE
	EndGlobalSection
	GlobalSection(ExtensibilityGlobals) = postSolution
		SolutionGuid = {B8D4E301-692C-4014-A018-50B5CD153DAA}
	EndGlobalSection
EndGlobal
