
Microsoft Visual Studio Solution File, Format Version 12.00
# Visual Studio Version 16
VisualStudioVersion = 16.0.810.13
MinimumVisualStudioVersion = 10.0.40219.1
Project("{FAE04EC0-301F-11D3-BF4B-00C04F79EFBC}") = "BaiTap1", "BaiTap1\BaiTap1.csproj", "{27B5F68D-F9D2-4C03-A6A3-E0FBC53115E5}"
EndProject
Global
	GlobalSection(SolutionConfigurationPlatforms) = preSolution
		Debug|anycpu = Debug|anycpu
		Release|anycpu = Release|anycpu
	EndGlobalSection
	GlobalSection(ProjectConfigurationPlatforms) = postSolution
		{27B5F68D-F9D2-4C03-A6A3-E0FBC53115E5}.Debug|anycpu.ActiveCfg = Debug|anycpu
		{27B5F68D-F9D2-4C03-A6A3-E0FBC53115E5}.Debug|anycpu.Build.0 = Debug|anycpu
		{27B5F68D-F9D2-4C03-A6A3-E0FBC53115E5}.Release|anycpu.ActiveCfg = Release|anycpu
		{27B5F68D-F9D2-4C03-A6A3-E0FBC53115E5}.Release|anycpu.Build.0 = Release|anycpu
	EndGlobalSection
	GlobalSection(SolutionProperties) = preSolution
		HideSolutionNode = FALSE
	EndGlobalSection
	GlobalSection(ExtensibilityGlobals) = postSolution
		SolutionGuid = {A558999F-AA0C-4C03-AAD1-6756141CD7B6}
	EndGlobalSection
EndGlobal
