
Microsoft Visual Studio Solution File, Format Version 12.00
# Visual Studio Version 16
VisualStudioVersion = 16.0.810.13
MinimumVisualStudioVersion = 10.0.40219.1
Project("{FAE04EC0-301F-11D3-BF4B-00C04F79EFBC}") = "Lab4_Cau6", "Lab4_Cau6\Lab4_Cau6.csproj", "{1B1804F0-00DF-4E1F-A484-A51D53E4B390}"
EndProject
Global
	GlobalSection(SolutionConfigurationPlatforms) = preSolution
		Debug|anycpu = Debug|anycpu
		Release|anycpu = Release|anycpu
	EndGlobalSection
	GlobalSection(ProjectConfigurationPlatforms) = postSolution
		{1B1804F0-00DF-4E1F-A484-A51D53E4B390}.Debug|anycpu.ActiveCfg = Debug|anycpu
		{1B1804F0-00DF-4E1F-A484-A51D53E4B390}.Debug|anycpu.Build.0 = Debug|anycpu
		{1B1804F0-00DF-4E1F-A484-A51D53E4B390}.Release|anycpu.ActiveCfg = Release|anycpu
		{1B1804F0-00DF-4E1F-A484-A51D53E4B390}.Release|anycpu.Build.0 = Release|anycpu
	EndGlobalSection
	GlobalSection(SolutionProperties) = preSolution
		HideSolutionNode = FALSE
	EndGlobalSection
	GlobalSection(ExtensibilityGlobals) = postSolution
		SolutionGuid = {DC8983DD-7E42-4B72-852E-3777E7C4F58A}
	EndGlobalSection
EndGlobal
