
Microsoft Visual Studio Solution File, Format Version 12.00
# Visual Studio Version 16
VisualStudioVersion = 16.0.810.13
MinimumVisualStudioVersion = 10.0.40219.1
Project("{FAE04EC0-301F-11D3-BF4B-00C04F79EFBC}") = "Ham_Bai115", "Ham_Bai115\Ham_Bai115.csproj", "{C6561C28-4310-4593-AF2B-B2D1D91BD035}"
EndProject
Global
	GlobalSection(SolutionConfigurationPlatforms) = preSolution
		Debug|anycpu = Debug|anycpu
		Release|anycpu = Release|anycpu
	EndGlobalSection
	GlobalSection(ProjectConfigurationPlatforms) = postSolution
		{C6561C28-4310-4593-AF2B-B2D1D91BD035}.Debug|anycpu.ActiveCfg = Debug|anycpu
		{C6561C28-4310-4593-AF2B-B2D1D91BD035}.Debug|anycpu.Build.0 = Debug|anycpu
		{C6561C28-4310-4593-AF2B-B2D1D91BD035}.Release|anycpu.ActiveCfg = Release|anycpu
		{C6561C28-4310-4593-AF2B-B2D1D91BD035}.Release|anycpu.Build.0 = Release|anycpu
	EndGlobalSection
	GlobalSection(SolutionProperties) = preSolution
		HideSolutionNode = FALSE
	EndGlobalSection
	GlobalSection(ExtensibilityGlobals) = postSolution
		SolutionGuid = {F2A60BBC-79A3-42F9-86B8-F538E6B35C55}
	EndGlobalSection
EndGlobal
