
Microsoft Visual Studio Solution File, Format Version 12.00
# Visual Studio Version 16
VisualStudioVersion = 16.0.810.13
MinimumVisualStudioVersion = 10.0.40219.1
Project("{FAE04EC0-301F-11D3-BF4B-00C04F79EFBC}") = "BaiTap11", "BaiTap11\BaiTap11.csproj", "{17B56CC6-82E1-4593-8176-556C83FB2125}"
EndProject
Global
	GlobalSection(SolutionConfigurationPlatforms) = preSolution
		Debug|anycpu = Debug|anycpu
		Release|anycpu = Release|anycpu
	EndGlobalSection
	GlobalSection(ProjectConfigurationPlatforms) = postSolution
		{17B56CC6-82E1-4593-8176-556C83FB2125}.Debug|anycpu.ActiveCfg = Debug|anycpu
		{17B56CC6-82E1-4593-8176-556C83FB2125}.Debug|anycpu.Build.0 = Debug|anycpu
		{17B56CC6-82E1-4593-8176-556C83FB2125}.Release|anycpu.ActiveCfg = Release|anycpu
		{17B56CC6-82E1-4593-8176-556C83FB2125}.Release|anycpu.Build.0 = Release|anycpu
	EndGlobalSection
	GlobalSection(SolutionProperties) = preSolution
		HideSolutionNode = FALSE
	EndGlobalSection
	GlobalSection(ExtensibilityGlobals) = postSolution
		SolutionGuid = {6CF1F30B-03B0-4C34-B638-C332F790BD7B}
	EndGlobalSection
EndGlobal
