
Microsoft Visual Studio Solution File, Format Version 12.00
# Visual Studio Version 16
VisualStudioVersion = 16.0.810.13
MinimumVisualStudioVersion = 10.0.40219.1
Project("{FAE04EC0-301F-11D3-BF4B-00C04F79EFBC}") = "BaiTap16", "BaiTap16\BaiTap16.csproj", "{4BA9774F-5EA6-4B8D-80B8-B0D68CA0670B}"
EndProject
Global
	GlobalSection(SolutionConfigurationPlatforms) = preSolution
		Debug|anycpu = Debug|anycpu
		Release|anycpu = Release|anycpu
	EndGlobalSection
	GlobalSection(ProjectConfigurationPlatforms) = postSolution
		{4BA9774F-5EA6-4B8D-80B8-B0D68CA0670B}.Debug|anycpu.ActiveCfg = Debug|anycpu
		{4BA9774F-5EA6-4B8D-80B8-B0D68CA0670B}.Debug|anycpu.Build.0 = Debug|anycpu
		{4BA9774F-5EA6-4B8D-80B8-B0D68CA0670B}.Release|anycpu.ActiveCfg = Release|anycpu
		{4BA9774F-5EA6-4B8D-80B8-B0D68CA0670B}.Release|anycpu.Build.0 = Release|anycpu
	EndGlobalSection
	GlobalSection(SolutionProperties) = preSolution
		HideSolutionNode = FALSE
	EndGlobalSection
	GlobalSection(ExtensibilityGlobals) = postSolution
		SolutionGuid = {FCE4E0F3-6C5F-464E-927E-D275241E1C44}
	EndGlobalSection
EndGlobal
