
Microsoft Visual Studio Solution File, Format Version 12.00
# Visual Studio Version 16
VisualStudioVersion = 16.0.810.13
MinimumVisualStudioVersion = 10.0.40219.1
Project("{FAE04EC0-301F-11D3-BF4B-00C04F79EFBC}") = "Ham_120", "Ham_120\Ham_120.csproj", "{0A9172C8-1DBB-4894-9DCF-CA3E8D6DE3A1}"
EndProject
Global
	GlobalSection(SolutionConfigurationPlatforms) = preSolution
		Debug|anycpu = Debug|anycpu
		Release|anycpu = Release|anycpu
	EndGlobalSection
	GlobalSection(ProjectConfigurationPlatforms) = postSolution
		{0A9172C8-1DBB-4894-9DCF-CA3E8D6DE3A1}.Debug|anycpu.ActiveCfg = Debug|anycpu
		{0A9172C8-1DBB-4894-9DCF-CA3E8D6DE3A1}.Debug|anycpu.Build.0 = Debug|anycpu
		{0A9172C8-1DBB-4894-9DCF-CA3E8D6DE3A1}.Release|anycpu.ActiveCfg = Release|anycpu
		{0A9172C8-1DBB-4894-9DCF-CA3E8D6DE3A1}.Release|anycpu.Build.0 = Release|anycpu
	EndGlobalSection
	GlobalSection(SolutionProperties) = preSolution
		HideSolutionNode = FALSE
	EndGlobalSection
	GlobalSection(ExtensibilityGlobals) = postSolution
		SolutionGuid = {B930B3A8-169B-4311-8476-E0C0648FE50A}
	EndGlobalSection
EndGlobal
