
Microsoft Visual Studio Solution File, Format Version 12.00
# Visual Studio Version 16
VisualStudioVersion = 16.0.810.13
MinimumVisualStudioVersion = 10.0.40219.1
Project("{FAE04EC0-301F-11D3-BF4B-00C04F79EFBC}") = "Ham_Bai117", "Ham_Bai117\Ham_Bai117.csproj", "{6B07C34D-2122-4C34-9CB2-0D041F3A2164}"
EndProject
Global
	GlobalSection(SolutionConfigurationPlatforms) = preSolution
		Debug|anycpu = Debug|anycpu
		Release|anycpu = Release|anycpu
	EndGlobalSection
	GlobalSection(ProjectConfigurationPlatforms) = postSolution
		{6B07C34D-2122-4C34-9CB2-0D041F3A2164}.Debug|anycpu.ActiveCfg = Debug|anycpu
		{6B07C34D-2122-4C34-9CB2-0D041F3A2164}.Debug|anycpu.Build.0 = Debug|anycpu
		{6B07C34D-2122-4C34-9CB2-0D041F3A2164}.Release|anycpu.ActiveCfg = Release|anycpu
		{6B07C34D-2122-4C34-9CB2-0D041F3A2164}.Release|anycpu.Build.0 = Release|anycpu
	EndGlobalSection
	GlobalSection(SolutionProperties) = preSolution
		HideSolutionNode = FALSE
	EndGlobalSection
	GlobalSection(ExtensibilityGlobals) = postSolution
		SolutionGuid = {AD20B38E-E0B9-458E-952C-CE4EA163B16E}
	EndGlobalSection
EndGlobal
