
Microsoft Visual Studio Solution File, Format Version 12.00
# Visual Studio Version 16
VisualStudioVersion = 16.0.810.13
MinimumVisualStudioVersion = 10.0.40219.1
Project("{FAE04EC0-301F-11D3-BF4B-00C04F79EFBC}") = "Mang_Bai122", "Mang_Bai122\Mang_Bai122.csproj", "{81DCE261-756D-4391-8AC3-F2177BACBF55}"
EndProject
Global
	GlobalSection(SolutionConfigurationPlatforms) = preSolution
		Debug|anycpu = Debug|anycpu
		Release|anycpu = Release|anycpu
	EndGlobalSection
	GlobalSection(ProjectConfigurationPlatforms) = postSolution
		{81DCE261-756D-4391-8AC3-F2177BACBF55}.Debug|anycpu.ActiveCfg = Debug|anycpu
		{81DCE261-756D-4391-8AC3-F2177BACBF55}.Debug|anycpu.Build.0 = Debug|anycpu
		{81DCE261-756D-4391-8AC3-F2177BACBF55}.Release|anycpu.ActiveCfg = Release|anycpu
		{81DCE261-756D-4391-8AC3-F2177BACBF55}.Release|anycpu.Build.0 = Release|anycpu
	EndGlobalSection
	GlobalSection(SolutionProperties) = preSolution
		HideSolutionNode = FALSE
	EndGlobalSection
	GlobalSection(ExtensibilityGlobals) = postSolution
		SolutionGuid = {F0F47201-6E6F-45F9-996B-660C690B45BB}
	EndGlobalSection
EndGlobal
