
Microsoft Visual Studio Solution File, Format Version 12.00
# Visual Studio Version 16
VisualStudioVersion = 16.0.810.13
MinimumVisualStudioVersion = 10.0.40219.1
Project("{FAE04EC0-301F-11D3-BF4B-00C04F79EFBC}") = "BaiTap9", "BaiTap9\BaiTap9.csproj", "{BED0C877-9BF2-489D-BDBB-795B776A9CDD}"
EndProject
Global
	GlobalSection(SolutionConfigurationPlatforms) = preSolution
		Debug|anycpu = Debug|anycpu
		Release|anycpu = Release|anycpu
	EndGlobalSection
	GlobalSection(ProjectConfigurationPlatforms) = postSolution
		{BED0C877-9BF2-489D-BDBB-795B776A9CDD}.Debug|anycpu.ActiveCfg = Debug|anycpu
		{BED0C877-9BF2-489D-BDBB-795B776A9CDD}.Debug|anycpu.Build.0 = Debug|anycpu
		{BED0C877-9BF2-489D-BDBB-795B776A9CDD}.Release|anycpu.ActiveCfg = Release|anycpu
		{BED0C877-9BF2-489D-BDBB-795B776A9CDD}.Release|anycpu.Build.0 = Release|anycpu
	EndGlobalSection
	GlobalSection(SolutionProperties) = preSolution
		HideSolutionNode = FALSE
	EndGlobalSection
	GlobalSection(ExtensibilityGlobals) = postSolution
		SolutionGuid = {A0A92E28-6CF2-488F-B783-A641F3C864C7}
	EndGlobalSection
EndGlobal
