
Microsoft Visual Studio Solution File, Format Version 12.00
# Visual Studio Version 16
VisualStudioVersion = 16.0.810.13
MinimumVisualStudioVersion = 10.0.40219.1
Project("{FAE04EC0-301F-11D3-BF4B-00C04F79EFBC}") = "Lab8_Cau3", "Lab8_Cau3\Lab8_Cau3.csproj", "{9D01A463-75EC-4358-A619-77BC3C6B0CB0}"
EndProject
Global
	GlobalSection(SolutionConfigurationPlatforms) = preSolution
		Debug|anycpu = Debug|anycpu
		Release|anycpu = Release|anycpu
	EndGlobalSection
	GlobalSection(ProjectConfigurationPlatforms) = postSolution
		{9D01A463-75EC-4358-A619-77BC3C6B0CB0}.Debug|anycpu.ActiveCfg = Debug|anycpu
		{9D01A463-75EC-4358-A619-77BC3C6B0CB0}.Debug|anycpu.Build.0 = Debug|anycpu
		{9D01A463-75EC-4358-A619-77BC3C6B0CB0}.Release|anycpu.ActiveCfg = Release|anycpu
		{9D01A463-75EC-4358-A619-77BC3C6B0CB0}.Release|anycpu.Build.0 = Release|anycpu
	EndGlobalSection
	GlobalSection(SolutionProperties) = preSolution
		HideSolutionNode = FALSE
	EndGlobalSection
	GlobalSection(ExtensibilityGlobals) = postSolution
		SolutionGuid = {7B2CFEBD-2BCC-4749-87E6-DBEAC8AF28A5}
	EndGlobalSection
EndGlobal
